
Microsoft Visual Studio Solution File, Format Version 12.00
# Visual Studio 15
VisualStudioVersion = 15.0.26403.7
MinimumVisualStudioVersion = 10.0.40219.1
Project("{FAE04EC0-301F-11D3-BF4B-00C04F79EFBC}") = "MockyShopClient", "MockyShopClient\MockyShopClient.csproj", "{4044E632-FB30-45DD-AA29-76C6D35B3CB6}"
EndProject
Project("{FAE04EC0-301F-11D3-BF4B-00C04F79EFBC}") = "MockyAPI", "MockyAPI\MockyAPI.csproj", "{A4C780D3-2AA8-4961-8366-62C366CBD8DC}"
EndProject
Project("{FAE04EC0-301F-11D3-BF4B-00C04F79EFBC}") = "ProductManager", "ProductManager\ProductManager.csproj", "{B6065538-0E30-4BE3-BFBA-15F907F5EA1B}"
EndProject
Global
	GlobalSection(SolutionConfigurationPlatforms) = preSolution
		Debug|Any CPU = Debug|Any CPU
		Release|Any CPU = Release|Any CPU
	EndGlobalSection
	GlobalSection(ProjectConfigurationPlatforms) = postSolution
		{4044E632-FB30-45DD-AA29-76C6D35B3CB6}.Debug|Any CPU.ActiveCfg = Debug|Any CPU
		{4044E632-FB30-45DD-AA29-76C6D35B3CB6}.Debug|Any CPU.Build.0 = Debug|Any CPU
		{4044E632-FB30-45DD-AA29-76C6D35B3CB6}.Release|Any CPU.ActiveCfg = Release|Any CPU
		{4044E632-FB30-45DD-AA29-76C6D35B3CB6}.Release|Any CPU.Build.0 = Release|Any CPU
		{A4C780D3-2AA8-4961-8366-62C366CBD8DC}.Debug|Any CPU.ActiveCfg = Debug|Any CPU
		{A4C780D3-2AA8-4961-8366-62C366CBD8DC}.Debug|Any CPU.Build.0 = Debug|Any CPU
		{A4C780D3-2AA8-4961-8366-62C366CBD8DC}.Release|Any CPU.ActiveCfg = Release|Any CPU
		{A4C780D3-2AA8-4961-8366-62C366CBD8DC}.Release|Any CPU.Build.0 = Release|Any CPU
		{B6065538-0E30-4BE3-BFBA-15F907F5EA1B}.Debug|Any CPU.ActiveCfg = Debug|Any CPU
		{B6065538-0E30-4BE3-BFBA-15F907F5EA1B}.Debug|Any CPU.Build.0 = Debug|Any CPU
		{B6065538-0E30-4BE3-BFBA-15F907F5EA1B}.Release|Any CPU.ActiveCfg = Release|Any CPU
		{B6065538-0E30-4BE3-BFBA-15F907F5EA1B}.Release|Any CPU.Build.0 = Release|Any CPU
	EndGlobalSection
	GlobalSection(SolutionProperties) = preSolution
		HideSolutionNode = FALSE
	EndGlobalSection
EndGlobal
